
Microsoft Visual Studio Solution File, Format Version 12.00
# Visual Studio Version 17
VisualStudioVersion = 17.14.36623.8 d17.14
MinimumVisualStudioVersion = 10.0.40219.1
Project("{FAE04EC0-301F-11D3-BF4B-00C04F79EFBC}") = "schoolattendance-api", "schoolattendance-api\schoolattendance-api.csproj", "{65016ACC-2CCD-43D0-9EE7-740C3836E04C}"
EndProject
Project("{FAE04EC0-301F-11D3-BF4B-00C04F79EFBC}") = "Repository", "Repository\Repository.csproj", "{0AC3037A-E369-43CD-A970-32019C72DFEE}"
EndProject
Project("{FAE04EC0-301F-11D3-BF4B-00C04F79EFBC}") = "Encryption", "Encryption\Encryption.csproj", "{433AF424-8B6F-4C75-84F3-FDEC4C56BE67}"
EndProject
Global
	GlobalSection(SolutionConfigurationPlatforms) = preSolution
		Debug|Any CPU = Debug|Any CPU
		Release|Any CPU = Release|Any CPU
	EndGlobalSection
	GlobalSection(ProjectConfigurationPlatforms) = postSolution
		{65016ACC-2CCD-43D0-9EE7-740C3836E04C}.Debug|Any CPU.ActiveCfg = Debug|Any CPU
		{65016ACC-2CCD-43D0-9EE7-740C3836E04C}.Debug|Any CPU.Build.0 = Debug|Any CPU
		{65016ACC-2CCD-43D0-9EE7-740C3836E04C}.Release|Any CPU.ActiveCfg = Release|Any CPU
		{65016ACC-2CCD-43D0-9EE7-740C3836E04C}.Release|Any CPU.Build.0 = Release|Any CPU
		{0AC3037A-E369-43CD-A970-32019C72DFEE}.Debug|Any CPU.ActiveCfg = Debug|Any CPU
		{0AC3037A-E369-43CD-A970-32019C72DFEE}.Debug|Any CPU.Build.0 = Debug|Any CPU
		{0AC3037A-E369-43CD-A970-32019C72DFEE}.Release|Any CPU.ActiveCfg = Release|Any CPU
		{0AC3037A-E369-43CD-A970-32019C72DFEE}.Release|Any CPU.Build.0 = Release|Any CPU
		{433AF424-8B6F-4C75-84F3-FDEC4C56BE67}.Debug|Any CPU.ActiveCfg = Debug|Any CPU
		{433AF424-8B6F-4C75-84F3-FDEC4C56BE67}.Debug|Any CPU.Build.0 = Debug|Any CPU
		{433AF424-8B6F-4C75-84F3-FDEC4C56BE67}.Release|Any CPU.ActiveCfg = Release|Any CPU
		{433AF424-8B6F-4C75-84F3-FDEC4C56BE67}.Release|Any CPU.Build.0 = Release|Any CPU
	EndGlobalSection
	GlobalSection(SolutionProperties) = preSolution
		HideSolutionNode = FALSE
	EndGlobalSection
	GlobalSection(ExtensibilityGlobals) = postSolution
		SolutionGuid = {A6EE6145-AB63-4ECB-8532-1378EBE14128}
	EndGlobalSection
EndGlobal
